
Microsoft Visual Studio Solution File, Format Version 12.00
# Visual Studio Version 17
VisualStudioVersion = 17.8.34525.116
MinimumVisualStudioVersion = 10.0.40219.1
Project("{9A19103F-16F7-4668-BE54-9A1E7A4F7556}") = "HelloWorld", "HelloWorld\HelloWorld.csproj", "{0505230A-D300-4E4F-AA84-3FA4CCBA115D}"
EndProject
Project("{9A19103F-16F7-4668-BE54-9A1E7A4F7556}") = "Ifstmt", "Ifstate\Ifstmt.csproj", "{1298F006-B032-4393-8ABA-272D0BF3ADBE}"
EndProject
Project("{9A19103F-16F7-4668-BE54-9A1E7A4F7556}") = "Ifelse", "Ifelse\Ifelse.csproj", "{A634AE6D-0868-4E0C-BEB4-798DDB2B3DF2}"
EndProject
Project("{9A19103F-16F7-4668-BE54-9A1E7A4F7556}") = "Ifelseif", "Ifelseif\Ifelseif.csproj", "{7F120E9D-F7B5-4006-800F-EF1660025DE0}"
EndProject
Project("{9A19103F-16F7-4668-BE54-9A1E7A4F7556}") = "switchstmt", "switchstmt\switchstmt.csproj", "{76579C28-EB60-418D-81A5-B51559E87C48}"
EndProject
Project("{9A19103F-16F7-4668-BE54-9A1E7A4F7556}") = "ForLoop", "ForLoop\ForLoop.csproj", "{BE649351-CDB2-4A37-B9DE-405945582125}"
EndProject
Project("{9A19103F-16F7-4668-BE54-9A1E7A4F7556}") = "Nestedfor", "Nestedfor\Nestedfor.csproj", "{2D4012CF-C74D-4FC4-8C13-D4803E908011}"
EndProject
Project("{9A19103F-16F7-4668-BE54-9A1E7A4F7556}") = "For", "For\For.csproj", "{3EB8672E-B3D7-42AE-9B6A-2AA1987915F4}"
EndProject
Project("{9A19103F-16F7-4668-BE54-9A1E7A4F7556}") = "doloop", "doloop\doloop.csproj", "{E7358F69-A84F-430D-9758-E6C694AF70F5}"
EndProject
Project("{9A19103F-16F7-4668-BE54-9A1E7A4F7556}") = "whileloop", "whileloop\whileloop.csproj", "{E489EFFA-88B5-4E0C-98AA-CE329FDE2B76}"
EndProject
Project("{9A19103F-16F7-4668-BE54-9A1E7A4F7556}") = "nestedwhile", "nestedwhile\nestedwhile.csproj", "{DF9AF075-0170-469C-ABA2-53CEC32D9019}"
EndProject
Project("{9A19103F-16F7-4668-BE54-9A1E7A4F7556}") = "dowhile", "dowhile\dowhile.csproj", "{1851316A-C58F-4AEC-BAC8-E7E640AFB310}"
EndProject
Project("{9A19103F-16F7-4668-BE54-9A1E7A4F7556}") = "breakstmt", "breakstmt\breakstmt.csproj", "{0F8F0317-90F9-47CE-88C8-31497957987A}"
EndProject
Project("{9A19103F-16F7-4668-BE54-9A1E7A4F7556}") = "continuestmt", "continuestmt\continuestmt.csproj", "{B5EAA7E1-BC08-4839-B0F3-2E5B84D4B650}"
EndProject
Project("{9A19103F-16F7-4668-BE54-9A1E7A4F7556}") = "GoToStmt", "GoToStmt\GoToStmt.csproj", "{A913BDA2-BFC4-461D-9537-72CA33857996}"
EndProject
Project("{9A19103F-16F7-4668-BE54-9A1E7A4F7556}") = "Functions", "Functions\Functions.csproj", "{5BC10E7F-96EF-43D3-867D-134707CBC808}"
EndProject
Project("{9A19103F-16F7-4668-BE54-9A1E7A4F7556}") = "funwithparam", "funwithparam\funwithparam.csproj", "{863DCADB-885D-4189-B058-DA787A0AA34D}"
EndProject
Project("{9A19103F-16F7-4668-BE54-9A1E7A4F7556}") = "funwithreturnstmt", "funwithreturnstmt\funwithreturnstmt.csproj", "{8D37AA41-6F1C-4398-BC28-9279D52A38D8}"
EndProject
Project("{9A19103F-16F7-4668-BE54-9A1E7A4F7556}") = "funwithreturnstme1", "funwithreturnstme1\funwithreturnstme1.csproj", "{44E622C9-C098-427A-83ED-6DA84A7D1172}"
EndProject
Project("{9A19103F-16F7-4668-BE54-9A1E7A4F7556}") = "callbyvaluefun1", "callbyvaluefun1\callbyvaluefun1.csproj", "{CF0758E2-865D-45B1-91AF-AFE316B839F1}"
EndProject
Project("{9A19103F-16F7-4668-BE54-9A1E7A4F7556}") = "callbyreferencefun", "callbyreferencefun\callbyreferencefun.csproj", "{2369C082-9754-4397-8890-A8BD76972C2B}"
EndProject
Project("{9A19103F-16F7-4668-BE54-9A1E7A4F7556}") = "outparam", "outparam\outparam.csproj", "{EB43D1AC-E118-487F-A036-DDED2EF5699F}"
EndProject
Project("{9A19103F-16F7-4668-BE54-9A1E7A4F7556}") = "classandobjects", "classandobjects\classandobjects.csproj", "{569AA192-3202-4C17-B37B-553D73EE9271}"
EndProject
Project("{9A19103F-16F7-4668-BE54-9A1E7A4F7556}") = "defaultcon", "defaultcon\defaultcon.csproj", "{5E760DCD-E7C0-4F41-B39A-24285F5DE5A0}"
EndProject
Project("{9A19103F-16F7-4668-BE54-9A1E7A4F7556}") = "MethodOverloading", "MethodOverloading\MethodOverloading.csproj", "{147821C6-A6BB-4CF7-A88E-DC7505D136E5}"
EndProject
Project("{9A19103F-16F7-4668-BE54-9A1E7A4F7556}") = "Methodoverriding", "Methodoverriding\Methodoverriding.csproj", "{7000397D-70BB-4460-B2E6-4CF7E5668A8D}"
EndProject
Project("{9A19103F-16F7-4668-BE54-9A1E7A4F7556}") = "abstractMethod", "abstractMethod\abstractMethod.csproj", "{E3DD0E78-E083-4081-A049-94062C41B767}"
EndProject
Project("{9A19103F-16F7-4668-BE54-9A1E7A4F7556}") = "interfaceEx", "interfaceEx\interfaceEx.csproj", "{6D4CC49F-F489-4EFC-A89A-DAAED8292CE8}"
EndProject
Project("{9A19103F-16F7-4668-BE54-9A1E7A4F7556}") = "multipleInheritance", "multipleInheritance\multipleInheritance.csproj", "{2AF450E2-0491-427A-86DD-CA1D0E790F75}"
EndProject
Project("{9A19103F-16F7-4668-BE54-9A1E7A4F7556}") = "exceptionHandling", "exceptionHandling\exceptionHandling.csproj", "{8F92218B-94BF-4688-8345-0200511B3ADD}"
EndProject
Project("{9A19103F-16F7-4668-BE54-9A1E7A4F7556}") = "exceptionHandling1", "exceptionHandling1\exceptionHandling1.csproj", "{BB903632-DC5E-46D3-9C52-C521DD41AB2B}"
EndProject
Project("{9A19103F-16F7-4668-BE54-9A1E7A4F7556}") = "exceptionHandling2", "exceptionHandling2\exceptionHandling2.csproj", "{7907DFD7-253E-4652-8B8F-32AD3461713A}"
EndProject
Project("{9A19103F-16F7-4668-BE54-9A1E7A4F7556}") = "exceptionHandling4", "exceptionHandling4\exceptionHandling4.csproj", "{F09E5EB9-D51E-4FC6-8F91-CC5A1A86E019}"
EndProject
Project("{2150E333-8FDC-42A3-9474-1A3956D46DE8}") = "Collection", "Collection", "{8AE8F074-E4A9-4092-8819-8081B3A2614C}"
EndProject
Project("{FAE04EC0-301F-11D3-BF4B-00C04F79EFBC}") = "list", "list\list.csproj", "{5023556B-5B01-41DB-BCD4-B0DEFE14D349}"
EndProject
Project("{FAE04EC0-301F-11D3-BF4B-00C04F79EFBC}") = "stack", "stack\stack.csproj", "{35B02E1E-31B7-4D83-B586-E4EFE07F9102}"
EndProject
Project("{FAE04EC0-301F-11D3-BF4B-00C04F79EFBC}") = "queue", "queue\queue.csproj", "{7055A2EA-AAE1-4D83-8507-4F1E4E9B5562}"
EndProject
Project("{2150E333-8FDC-42A3-9474-1A3956D46DE8}") = "Exception_Handling", "Exception_Handling", "{EF21F3AA-91C0-4CEB-BD53-2EAAC59B808A}"
EndProject
Project("{2150E333-8FDC-42A3-9474-1A3956D46DE8}") = "Loops", "Loops", "{77288939-1CBD-4291-9879-3A9F69BEF69E}"
EndProject
Project("{FAE04EC0-301F-11D3-BF4B-00C04F79EFBC}") = "hashset", "hashset\hashset.csproj", "{273F1916-E035-468A-BFDE-9A0F7E9F49B0}"
EndProject
Project("{FAE04EC0-301F-11D3-BF4B-00C04F79EFBC}") = "orderedhashset", "orderedhashset\orderedhashset.csproj", "{52B2E9BC-5529-42B8-90F0-E316804E2E26}"
EndProject
Project("{FAE04EC0-301F-11D3-BF4B-00C04F79EFBC}") = "linkedlist", "linkedlist\linkedlist.csproj", "{5BA0050B-9F20-4549-8EE3-84D4BE99DA58}"
EndProject
Project("{FAE04EC0-301F-11D3-BF4B-00C04F79EFBC}") = "dictionary", "dictionary\dictionary.csproj", "{59424B97-AF83-427B-AD25-FF15B49FD6FE}"
EndProject
Project("{FAE04EC0-301F-11D3-BF4B-00C04F79EFBC}") = "sorteddictionary", "sorteddictionary\sorteddictionary.csproj", "{D15334A7-8B36-46F2-A47C-87D3C979C39E}"
EndProject
Project("{FAE04EC0-301F-11D3-BF4B-00C04F79EFBC}") = "sortedlist", "sortedlist\sortedlist.csproj", "{020423C3-B5EE-4240-8DF9-6386264DF1CE}"
EndProject
Project("{2150E333-8FDC-42A3-9474-1A3956D46DE8}") = "List_", "List_", "{103CA575-4611-46B6-BECD-81450F11C767}"
EndProject
Project("{2150E333-8FDC-42A3-9474-1A3956D46DE8}") = "Dictionary_", "Dictionary_", "{BC8870B8-07A2-4C77-9B22-98738AC18830}"
EndProject
Project("{2150E333-8FDC-42A3-9474-1A3956D46DE8}") = "Set", "Set", "{942572DB-54F3-4E87-824E-EDC18C3A258A}"
EndProject
Global
	GlobalSection(SolutionConfigurationPlatforms) = preSolution
		Debug|Any CPU = Debug|Any CPU
		Release|Any CPU = Release|Any CPU
	EndGlobalSection
	GlobalSection(ProjectConfigurationPlatforms) = postSolution
		{0505230A-D300-4E4F-AA84-3FA4CCBA115D}.Debug|Any CPU.ActiveCfg = Debug|Any CPU
		{0505230A-D300-4E4F-AA84-3FA4CCBA115D}.Debug|Any CPU.Build.0 = Debug|Any CPU
		{0505230A-D300-4E4F-AA84-3FA4CCBA115D}.Release|Any CPU.ActiveCfg = Release|Any CPU
		{0505230A-D300-4E4F-AA84-3FA4CCBA115D}.Release|Any CPU.Build.0 = Release|Any CPU
		{1298F006-B032-4393-8ABA-272D0BF3ADBE}.Debug|Any CPU.ActiveCfg = Debug|Any CPU
		{1298F006-B032-4393-8ABA-272D0BF3ADBE}.Debug|Any CPU.Build.0 = Debug|Any CPU
		{1298F006-B032-4393-8ABA-272D0BF3ADBE}.Release|Any CPU.ActiveCfg = Release|Any CPU
		{1298F006-B032-4393-8ABA-272D0BF3ADBE}.Release|Any CPU.Build.0 = Release|Any CPU
		{A634AE6D-0868-4E0C-BEB4-798DDB2B3DF2}.Debug|Any CPU.ActiveCfg = Debug|Any CPU
		{A634AE6D-0868-4E0C-BEB4-798DDB2B3DF2}.Debug|Any CPU.Build.0 = Debug|Any CPU
		{A634AE6D-0868-4E0C-BEB4-798DDB2B3DF2}.Release|Any CPU.ActiveCfg = Release|Any CPU
		{A634AE6D-0868-4E0C-BEB4-798DDB2B3DF2}.Release|Any CPU.Build.0 = Release|Any CPU
		{7F120E9D-F7B5-4006-800F-EF1660025DE0}.Debug|Any CPU.ActiveCfg = Debug|Any CPU
		{7F120E9D-F7B5-4006-800F-EF1660025DE0}.Debug|Any CPU.Build.0 = Debug|Any CPU
		{7F120E9D-F7B5-4006-800F-EF1660025DE0}.Release|Any CPU.ActiveCfg = Release|Any CPU
		{7F120E9D-F7B5-4006-800F-EF1660025DE0}.Release|Any CPU.Build.0 = Release|Any CPU
		{76579C28-EB60-418D-81A5-B51559E87C48}.Debug|Any CPU.ActiveCfg = Debug|Any CPU
		{76579C28-EB60-418D-81A5-B51559E87C48}.Debug|Any CPU.Build.0 = Debug|Any CPU
		{76579C28-EB60-418D-81A5-B51559E87C48}.Release|Any CPU.ActiveCfg = Release|Any CPU
		{76579C28-EB60-418D-81A5-B51559E87C48}.Release|Any CPU.Build.0 = Release|Any CPU
		{BE649351-CDB2-4A37-B9DE-405945582125}.Debug|Any CPU.ActiveCfg = Debug|Any CPU
		{BE649351-CDB2-4A37-B9DE-405945582125}.Debug|Any CPU.Build.0 = Debug|Any CPU
		{BE649351-CDB2-4A37-B9DE-405945582125}.Release|Any CPU.ActiveCfg = Release|Any CPU
		{BE649351-CDB2-4A37-B9DE-405945582125}.Release|Any CPU.Build.0 = Release|Any CPU
		{2D4012CF-C74D-4FC4-8C13-D4803E908011}.Debug|Any CPU.ActiveCfg = Debug|Any CPU
		{2D4012CF-C74D-4FC4-8C13-D4803E908011}.Debug|Any CPU.Build.0 = Debug|Any CPU
		{2D4012CF-C74D-4FC4-8C13-D4803E908011}.Release|Any CPU.ActiveCfg = Release|Any CPU
		{2D4012CF-C74D-4FC4-8C13-D4803E908011}.Release|Any CPU.Build.0 = Release|Any CPU
		{3EB8672E-B3D7-42AE-9B6A-2AA1987915F4}.Debug|Any CPU.ActiveCfg = Debug|Any CPU
		{3EB8672E-B3D7-42AE-9B6A-2AA1987915F4}.Debug|Any CPU.Build.0 = Debug|Any CPU
		{3EB8672E-B3D7-42AE-9B6A-2AA1987915F4}.Release|Any CPU.ActiveCfg = Release|Any CPU
		{3EB8672E-B3D7-42AE-9B6A-2AA1987915F4}.Release|Any CPU.Build.0 = Release|Any CPU
		{E7358F69-A84F-430D-9758-E6C694AF70F5}.Debug|Any CPU.ActiveCfg = Debug|Any CPU
		{E7358F69-A84F-430D-9758-E6C694AF70F5}.Debug|Any CPU.Build.0 = Debug|Any CPU
		{E7358F69-A84F-430D-9758-E6C694AF70F5}.Release|Any CPU.ActiveCfg = Release|Any CPU
		{E7358F69-A84F-430D-9758-E6C694AF70F5}.Release|Any CPU.Build.0 = Release|Any CPU
		{E489EFFA-88B5-4E0C-98AA-CE329FDE2B76}.Debug|Any CPU.ActiveCfg = Debug|Any CPU
		{E489EFFA-88B5-4E0C-98AA-CE329FDE2B76}.Debug|Any CPU.Build.0 = Debug|Any CPU
		{E489EFFA-88B5-4E0C-98AA-CE329FDE2B76}.Release|Any CPU.ActiveCfg = Release|Any CPU
		{E489EFFA-88B5-4E0C-98AA-CE329FDE2B76}.Release|Any CPU.Build.0 = Release|Any CPU
		{DF9AF075-0170-469C-ABA2-53CEC32D9019}.Debug|Any CPU.ActiveCfg = Debug|Any CPU
		{DF9AF075-0170-469C-ABA2-53CEC32D9019}.Debug|Any CPU.Build.0 = Debug|Any CPU
		{DF9AF075-0170-469C-ABA2-53CEC32D9019}.Release|Any CPU.ActiveCfg = Release|Any CPU
		{DF9AF075-0170-469C-ABA2-53CEC32D9019}.Release|Any CPU.Build.0 = Release|Any CPU
		{1851316A-C58F-4AEC-BAC8-E7E640AFB310}.Debug|Any CPU.ActiveCfg = Debug|Any CPU
		{1851316A-C58F-4AEC-BAC8-E7E640AFB310}.Debug|Any CPU.Build.0 = Debug|Any CPU
		{1851316A-C58F-4AEC-BAC8-E7E640AFB310}.Release|Any CPU.ActiveCfg = Release|Any CPU
		{1851316A-C58F-4AEC-BAC8-E7E640AFB310}.Release|Any CPU.Build.0 = Release|Any CPU
		{0F8F0317-90F9-47CE-88C8-31497957987A}.Debug|Any CPU.ActiveCfg = Debug|Any CPU
		{0F8F0317-90F9-47CE-88C8-31497957987A}.Debug|Any CPU.Build.0 = Debug|Any CPU
		{0F8F0317-90F9-47CE-88C8-31497957987A}.Release|Any CPU.ActiveCfg = Release|Any CPU
		{0F8F0317-90F9-47CE-88C8-31497957987A}.Release|Any CPU.Build.0 = Release|Any CPU
		{B5EAA7E1-BC08-4839-B0F3-2E5B84D4B650}.Debug|Any CPU.ActiveCfg = Debug|Any CPU
		{B5EAA7E1-BC08-4839-B0F3-2E5B84D4B650}.Debug|Any CPU.Build.0 = Debug|Any CPU
		{B5EAA7E1-BC08-4839-B0F3-2E5B84D4B650}.Release|Any CPU.ActiveCfg = Release|Any CPU
		{B5EAA7E1-BC08-4839-B0F3-2E5B84D4B650}.Release|Any CPU.Build.0 = Release|Any CPU
		{A913BDA2-BFC4-461D-9537-72CA33857996}.Debug|Any CPU.ActiveCfg = Debug|Any CPU
		{A913BDA2-BFC4-461D-9537-72CA33857996}.Debug|Any CPU.Build.0 = Debug|Any CPU
		{A913BDA2-BFC4-461D-9537-72CA33857996}.Release|Any CPU.ActiveCfg = Release|Any CPU
		{A913BDA2-BFC4-461D-9537-72CA33857996}.Release|Any CPU.Build.0 = Release|Any CPU
		{5BC10E7F-96EF-43D3-867D-134707CBC808}.Debug|Any CPU.ActiveCfg = Debug|Any CPU
		{5BC10E7F-96EF-43D3-867D-134707CBC808}.Debug|Any CPU.Build.0 = Debug|Any CPU
		{5BC10E7F-96EF-43D3-867D-134707CBC808}.Release|Any CPU.ActiveCfg = Release|Any CPU
		{5BC10E7F-96EF-43D3-867D-134707CBC808}.Release|Any CPU.Build.0 = Release|Any CPU
		{863DCADB-885D-4189-B058-DA787A0AA34D}.Debug|Any CPU.ActiveCfg = Debug|Any CPU
		{863DCADB-885D-4189-B058-DA787A0AA34D}.Debug|Any CPU.Build.0 = Debug|Any CPU
		{863DCADB-885D-4189-B058-DA787A0AA34D}.Release|Any CPU.ActiveCfg = Release|Any CPU
		{863DCADB-885D-4189-B058-DA787A0AA34D}.Release|Any CPU.Build.0 = Release|Any CPU
		{8D37AA41-6F1C-4398-BC28-9279D52A38D8}.Debug|Any CPU.ActiveCfg = Debug|Any CPU
		{8D37AA41-6F1C-4398-BC28-9279D52A38D8}.Debug|Any CPU.Build.0 = Debug|Any CPU
		{8D37AA41-6F1C-4398-BC28-9279D52A38D8}.Release|Any CPU.ActiveCfg = Release|Any CPU
		{8D37AA41-6F1C-4398-BC28-9279D52A38D8}.Release|Any CPU.Build.0 = Release|Any CPU
		{44E622C9-C098-427A-83ED-6DA84A7D1172}.Debug|Any CPU.ActiveCfg = Debug|Any CPU
		{44E622C9-C098-427A-83ED-6DA84A7D1172}.Debug|Any CPU.Build.0 = Debug|Any CPU
		{44E622C9-C098-427A-83ED-6DA84A7D1172}.Release|Any CPU.ActiveCfg = Release|Any CPU
		{44E622C9-C098-427A-83ED-6DA84A7D1172}.Release|Any CPU.Build.0 = Release|Any CPU
		{CF0758E2-865D-45B1-91AF-AFE316B839F1}.Debug|Any CPU.ActiveCfg = Debug|Any CPU
		{CF0758E2-865D-45B1-91AF-AFE316B839F1}.Debug|Any CPU.Build.0 = Debug|Any CPU
		{CF0758E2-865D-45B1-91AF-AFE316B839F1}.Release|Any CPU.ActiveCfg = Release|Any CPU
		{CF0758E2-865D-45B1-91AF-AFE316B839F1}.Release|Any CPU.Build.0 = Release|Any CPU
		{2369C082-9754-4397-8890-A8BD76972C2B}.Debug|Any CPU.ActiveCfg = Debug|Any CPU
		{2369C082-9754-4397-8890-A8BD76972C2B}.Debug|Any CPU.Build.0 = Debug|Any CPU
		{2369C082-9754-4397-8890-A8BD76972C2B}.Release|Any CPU.ActiveCfg = Release|Any CPU
		{2369C082-9754-4397-8890-A8BD76972C2B}.Release|Any CPU.Build.0 = Release|Any CPU
		{EB43D1AC-E118-487F-A036-DDED2EF5699F}.Debug|Any CPU.ActiveCfg = Debug|Any CPU
		{EB43D1AC-E118-487F-A036-DDED2EF5699F}.Debug|Any CPU.Build.0 = Debug|Any CPU
		{EB43D1AC-E118-487F-A036-DDED2EF5699F}.Release|Any CPU.ActiveCfg = Release|Any CPU
		{EB43D1AC-E118-487F-A036-DDED2EF5699F}.Release|Any CPU.Build.0 = Release|Any CPU
		{569AA192-3202-4C17-B37B-553D73EE9271}.Debug|Any CPU.ActiveCfg = Debug|Any CPU
		{569AA192-3202-4C17-B37B-553D73EE9271}.Debug|Any CPU.Build.0 = Debug|Any CPU
		{569AA192-3202-4C17-B37B-553D73EE9271}.Release|Any CPU.ActiveCfg = Release|Any CPU
		{569AA192-3202-4C17-B37B-553D73EE9271}.Release|Any CPU.Build.0 = Release|Any CPU
		{5E760DCD-E7C0-4F41-B39A-24285F5DE5A0}.Debug|Any CPU.ActiveCfg = Debug|Any CPU
		{5E760DCD-E7C0-4F41-B39A-24285F5DE5A0}.Debug|Any CPU.Build.0 = Debug|Any CPU
		{5E760DCD-E7C0-4F41-B39A-24285F5DE5A0}.Release|Any CPU.ActiveCfg = Release|Any CPU
		{5E760DCD-E7C0-4F41-B39A-24285F5DE5A0}.Release|Any CPU.Build.0 = Release|Any CPU
		{147821C6-A6BB-4CF7-A88E-DC7505D136E5}.Debug|Any CPU.ActiveCfg = Debug|Any CPU
		{147821C6-A6BB-4CF7-A88E-DC7505D136E5}.Debug|Any CPU.Build.0 = Debug|Any CPU
		{147821C6-A6BB-4CF7-A88E-DC7505D136E5}.Release|Any CPU.ActiveCfg = Release|Any CPU
		{147821C6-A6BB-4CF7-A88E-DC7505D136E5}.Release|Any CPU.Build.0 = Release|Any CPU
		{7000397D-70BB-4460-B2E6-4CF7E5668A8D}.Debug|Any CPU.ActiveCfg = Debug|Any CPU
		{7000397D-70BB-4460-B2E6-4CF7E5668A8D}.Debug|Any CPU.Build.0 = Debug|Any CPU
		{7000397D-70BB-4460-B2E6-4CF7E5668A8D}.Release|Any CPU.ActiveCfg = Release|Any CPU
		{7000397D-70BB-4460-B2E6-4CF7E5668A8D}.Release|Any CPU.Build.0 = Release|Any CPU
		{E3DD0E78-E083-4081-A049-94062C41B767}.Debug|Any CPU.ActiveCfg = Debug|Any CPU
		{E3DD0E78-E083-4081-A049-94062C41B767}.Debug|Any CPU.Build.0 = Debug|Any CPU
		{E3DD0E78-E083-4081-A049-94062C41B767}.Release|Any CPU.ActiveCfg = Release|Any CPU
		{E3DD0E78-E083-4081-A049-94062C41B767}.Release|Any CPU.Build.0 = Release|Any CPU
		{6D4CC49F-F489-4EFC-A89A-DAAED8292CE8}.Debug|Any CPU.ActiveCfg = Debug|Any CPU
		{6D4CC49F-F489-4EFC-A89A-DAAED8292CE8}.Debug|Any CPU.Build.0 = Debug|Any CPU
		{6D4CC49F-F489-4EFC-A89A-DAAED8292CE8}.Release|Any CPU.ActiveCfg = Release|Any CPU
		{6D4CC49F-F489-4EFC-A89A-DAAED8292CE8}.Release|Any CPU.Build.0 = Release|Any CPU
		{2AF450E2-0491-427A-86DD-CA1D0E790F75}.Debug|Any CPU.ActiveCfg = Debug|Any CPU
		{2AF450E2-0491-427A-86DD-CA1D0E790F75}.Debug|Any CPU.Build.0 = Debug|Any CPU
		{2AF450E2-0491-427A-86DD-CA1D0E790F75}.Release|Any CPU.ActiveCfg = Release|Any CPU
		{2AF450E2-0491-427A-86DD-CA1D0E790F75}.Release|Any CPU.Build.0 = Release|Any CPU
		{8F92218B-94BF-4688-8345-0200511B3ADD}.Debug|Any CPU.ActiveCfg = Debug|Any CPU
		{8F92218B-94BF-4688-8345-0200511B3ADD}.Debug|Any CPU.Build.0 = Debug|Any CPU
		{8F92218B-94BF-4688-8345-0200511B3ADD}.Release|Any CPU.ActiveCfg = Release|Any CPU
		{8F92218B-94BF-4688-8345-0200511B3ADD}.Release|Any CPU.Build.0 = Release|Any CPU
		{BB903632-DC5E-46D3-9C52-C521DD41AB2B}.Debug|Any CPU.ActiveCfg = Debug|Any CPU
		{BB903632-DC5E-46D3-9C52-C521DD41AB2B}.Debug|Any CPU.Build.0 = Debug|Any CPU
		{BB903632-DC5E-46D3-9C52-C521DD41AB2B}.Release|Any CPU.ActiveCfg = Release|Any CPU
		{BB903632-DC5E-46D3-9C52-C521DD41AB2B}.Release|Any CPU.Build.0 = Release|Any CPU
		{7907DFD7-253E-4652-8B8F-32AD3461713A}.Debug|Any CPU.ActiveCfg = Debug|Any CPU
		{7907DFD7-253E-4652-8B8F-32AD3461713A}.Debug|Any CPU.Build.0 = Debug|Any CPU
		{7907DFD7-253E-4652-8B8F-32AD3461713A}.Release|Any CPU.ActiveCfg = Release|Any CPU
		{7907DFD7-253E-4652-8B8F-32AD3461713A}.Release|Any CPU.Build.0 = Release|Any CPU
		{F09E5EB9-D51E-4FC6-8F91-CC5A1A86E019}.Debug|Any CPU.ActiveCfg = Debug|Any CPU
		{F09E5EB9-D51E-4FC6-8F91-CC5A1A86E019}.Debug|Any CPU.Build.0 = Debug|Any CPU
		{F09E5EB9-D51E-4FC6-8F91-CC5A1A86E019}.Release|Any CPU.ActiveCfg = Release|Any CPU
		{F09E5EB9-D51E-4FC6-8F91-CC5A1A86E019}.Release|Any CPU.Build.0 = Release|Any CPU
		{5023556B-5B01-41DB-BCD4-B0DEFE14D349}.Debug|Any CPU.ActiveCfg = Debug|Any CPU
		{5023556B-5B01-41DB-BCD4-B0DEFE14D349}.Debug|Any CPU.Build.0 = Debug|Any CPU
		{5023556B-5B01-41DB-BCD4-B0DEFE14D349}.Release|Any CPU.ActiveCfg = Release|Any CPU
		{5023556B-5B01-41DB-BCD4-B0DEFE14D349}.Release|Any CPU.Build.0 = Release|Any CPU
		{35B02E1E-31B7-4D83-B586-E4EFE07F9102}.Debug|Any CPU.ActiveCfg = Debug|Any CPU
		{35B02E1E-31B7-4D83-B586-E4EFE07F9102}.Debug|Any CPU.Build.0 = Debug|Any CPU
		{35B02E1E-31B7-4D83-B586-E4EFE07F9102}.Release|Any CPU.ActiveCfg = Release|Any CPU
		{35B02E1E-31B7-4D83-B586-E4EFE07F9102}.Release|Any CPU.Build.0 = Release|Any CPU
		{7055A2EA-AAE1-4D83-8507-4F1E4E9B5562}.Debug|Any CPU.ActiveCfg = Debug|Any CPU
		{7055A2EA-AAE1-4D83-8507-4F1E4E9B5562}.Debug|Any CPU.Build.0 = Debug|Any CPU
		{7055A2EA-AAE1-4D83-8507-4F1E4E9B5562}.Release|Any CPU.ActiveCfg = Release|Any CPU
		{7055A2EA-AAE1-4D83-8507-4F1E4E9B5562}.Release|Any CPU.Build.0 = Release|Any CPU
		{273F1916-E035-468A-BFDE-9A0F7E9F49B0}.Debug|Any CPU.ActiveCfg = Debug|Any CPU
		{273F1916-E035-468A-BFDE-9A0F7E9F49B0}.Debug|Any CPU.Build.0 = Debug|Any CPU
		{273F1916-E035-468A-BFDE-9A0F7E9F49B0}.Release|Any CPU.ActiveCfg = Release|Any CPU
		{273F1916-E035-468A-BFDE-9A0F7E9F49B0}.Release|Any CPU.Build.0 = Release|Any CPU
		{52B2E9BC-5529-42B8-90F0-E316804E2E26}.Debug|Any CPU.ActiveCfg = Debug|Any CPU
		{52B2E9BC-5529-42B8-90F0-E316804E2E26}.Debug|Any CPU.Build.0 = Debug|Any CPU
		{52B2E9BC-5529-42B8-90F0-E316804E2E26}.Release|Any CPU.ActiveCfg = Release|Any CPU
		{52B2E9BC-5529-42B8-90F0-E316804E2E26}.Release|Any CPU.Build.0 = Release|Any CPU
		{5BA0050B-9F20-4549-8EE3-84D4BE99DA58}.Debug|Any CPU.ActiveCfg = Debug|Any CPU
		{5BA0050B-9F20-4549-8EE3-84D4BE99DA58}.Debug|Any CPU.Build.0 = Debug|Any CPU
		{5BA0050B-9F20-4549-8EE3-84D4BE99DA58}.Release|Any CPU.ActiveCfg = Release|Any CPU
		{5BA0050B-9F20-4549-8EE3-84D4BE99DA58}.Release|Any CPU.Build.0 = Release|Any CPU
		{59424B97-AF83-427B-AD25-FF15B49FD6FE}.Debug|Any CPU.ActiveCfg = Debug|Any CPU
		{59424B97-AF83-427B-AD25-FF15B49FD6FE}.Debug|Any CPU.Build.0 = Debug|Any CPU
		{59424B97-AF83-427B-AD25-FF15B49FD6FE}.Release|Any CPU.ActiveCfg = Release|Any CPU
		{59424B97-AF83-427B-AD25-FF15B49FD6FE}.Release|Any CPU.Build.0 = Release|Any CPU
		{D15334A7-8B36-46F2-A47C-87D3C979C39E}.Debug|Any CPU.ActiveCfg = Debug|Any CPU
		{D15334A7-8B36-46F2-A47C-87D3C979C39E}.Debug|Any CPU.Build.0 = Debug|Any CPU
		{D15334A7-8B36-46F2-A47C-87D3C979C39E}.Release|Any CPU.ActiveCfg = Release|Any CPU
		{D15334A7-8B36-46F2-A47C-87D3C979C39E}.Release|Any CPU.Build.0 = Release|Any CPU
		{020423C3-B5EE-4240-8DF9-6386264DF1CE}.Debug|Any CPU.ActiveCfg = Debug|Any CPU
		{020423C3-B5EE-4240-8DF9-6386264DF1CE}.Debug|Any CPU.Build.0 = Debug|Any CPU
		{020423C3-B5EE-4240-8DF9-6386264DF1CE}.Release|Any CPU.ActiveCfg = Release|Any CPU
		{020423C3-B5EE-4240-8DF9-6386264DF1CE}.Release|Any CPU.Build.0 = Release|Any CPU
	EndGlobalSection
	GlobalSection(SolutionProperties) = preSolution
		HideSolutionNode = FALSE
	EndGlobalSection
	GlobalSection(NestedProjects) = preSolution
		{1298F006-B032-4393-8ABA-272D0BF3ADBE} = {77288939-1CBD-4291-9879-3A9F69BEF69E}
		{A634AE6D-0868-4E0C-BEB4-798DDB2B3DF2} = {77288939-1CBD-4291-9879-3A9F69BEF69E}
		{7F120E9D-F7B5-4006-800F-EF1660025DE0} = {77288939-1CBD-4291-9879-3A9F69BEF69E}
		{76579C28-EB60-418D-81A5-B51559E87C48} = {77288939-1CBD-4291-9879-3A9F69BEF69E}
		{BE649351-CDB2-4A37-B9DE-405945582125} = {77288939-1CBD-4291-9879-3A9F69BEF69E}
		{2D4012CF-C74D-4FC4-8C13-D4803E908011} = {77288939-1CBD-4291-9879-3A9F69BEF69E}
		{3EB8672E-B3D7-42AE-9B6A-2AA1987915F4} = {77288939-1CBD-4291-9879-3A9F69BEF69E}
		{E7358F69-A84F-430D-9758-E6C694AF70F5} = {77288939-1CBD-4291-9879-3A9F69BEF69E}
		{E489EFFA-88B5-4E0C-98AA-CE329FDE2B76} = {77288939-1CBD-4291-9879-3A9F69BEF69E}
		{DF9AF075-0170-469C-ABA2-53CEC32D9019} = {77288939-1CBD-4291-9879-3A9F69BEF69E}
		{1851316A-C58F-4AEC-BAC8-E7E640AFB310} = {77288939-1CBD-4291-9879-3A9F69BEF69E}
		{8F92218B-94BF-4688-8345-0200511B3ADD} = {EF21F3AA-91C0-4CEB-BD53-2EAAC59B808A}
		{BB903632-DC5E-46D3-9C52-C521DD41AB2B} = {EF21F3AA-91C0-4CEB-BD53-2EAAC59B808A}
		{7907DFD7-253E-4652-8B8F-32AD3461713A} = {EF21F3AA-91C0-4CEB-BD53-2EAAC59B808A}
		{F09E5EB9-D51E-4FC6-8F91-CC5A1A86E019} = {EF21F3AA-91C0-4CEB-BD53-2EAAC59B808A}
		{5023556B-5B01-41DB-BCD4-B0DEFE14D349} = {103CA575-4611-46B6-BECD-81450F11C767}
		{35B02E1E-31B7-4D83-B586-E4EFE07F9102} = {8AE8F074-E4A9-4092-8819-8081B3A2614C}
		{7055A2EA-AAE1-4D83-8507-4F1E4E9B5562} = {8AE8F074-E4A9-4092-8819-8081B3A2614C}
		{273F1916-E035-468A-BFDE-9A0F7E9F49B0} = {942572DB-54F3-4E87-824E-EDC18C3A258A}
		{52B2E9BC-5529-42B8-90F0-E316804E2E26} = {942572DB-54F3-4E87-824E-EDC18C3A258A}
		{5BA0050B-9F20-4549-8EE3-84D4BE99DA58} = {103CA575-4611-46B6-BECD-81450F11C767}
		{59424B97-AF83-427B-AD25-FF15B49FD6FE} = {BC8870B8-07A2-4C77-9B22-98738AC18830}
		{D15334A7-8B36-46F2-A47C-87D3C979C39E} = {BC8870B8-07A2-4C77-9B22-98738AC18830}
		{020423C3-B5EE-4240-8DF9-6386264DF1CE} = {103CA575-4611-46B6-BECD-81450F11C767}
		{103CA575-4611-46B6-BECD-81450F11C767} = {8AE8F074-E4A9-4092-8819-8081B3A2614C}
		{BC8870B8-07A2-4C77-9B22-98738AC18830} = {8AE8F074-E4A9-4092-8819-8081B3A2614C}
		{942572DB-54F3-4E87-824E-EDC18C3A258A} = {8AE8F074-E4A9-4092-8819-8081B3A2614C}
	EndGlobalSection
	GlobalSection(ExtensibilityGlobals) = postSolution
		SolutionGuid = {8EA7C971-D684-41C6-80D4-7A00FB295FF7}
	EndGlobalSection
EndGlobal
